
Microsoft Visual Studio Solution File, Format Version 12.00
# Visual Studio Version 17
VisualStudioVersion = 17.2.32616.157
MinimumVisualStudioVersion = 10.0.40219.1
Project("{FAE04EC0-301F-11D3-BF4B-00C04F79EFBC}") = "Todoist-BDD", "Todoist-BDD\Todoist-BDD.csproj", "{A7E8ECEF-60AD-4CE2-B8A5-56A39FDC8835}"
EndProject
Global
	GlobalSection(SolutionConfigurationPlatforms) = preSolution
		Debug|Any CPU = Debug|Any CPU
		Release|Any CPU = Release|Any CPU
	EndGlobalSection
	GlobalSection(ProjectConfigurationPlatforms) = postSolution
		{A7E8ECEF-60AD-4CE2-B8A5-56A39FDC8835}.Debug|Any CPU.ActiveCfg = Debug|Any CPU
		{A7E8ECEF-60AD-4CE2-B8A5-56A39FDC8835}.Debug|Any CPU.Build.0 = Debug|Any CPU
		{A7E8ECEF-60AD-4CE2-B8A5-56A39FDC8835}.Release|Any CPU.ActiveCfg = Release|Any CPU
		{A7E8ECEF-60AD-4CE2-B8A5-56A39FDC8835}.Release|Any CPU.Build.0 = Release|Any CPU
	EndGlobalSection
	GlobalSection(SolutionProperties) = preSolution
		HideSolutionNode = FALSE
	EndGlobalSection
	GlobalSection(ExtensibilityGlobals) = postSolution
		SolutionGuid = {EFE69A10-F050-44ED-BE07-71CAD1F8C4CF}
	EndGlobalSection
EndGlobal
